
Microsoft Visual Studio Solution File, Format Version 12.00
# Visual Studio 15
VisualStudioVersion = 15.0.28307.271
MinimumVisualStudioVersion = 10.0.40219.1
Project("{FAE04EC0-301F-11D3-BF4B-00C04F79EFBC}") = "Colloseum.Android", "Colloseum\Colloseum.Android\Colloseum.Android.csproj", "{C87DB9B6-E5B7-44BC-A084-ED781EA577F0}"
EndProject
Project("{FAE04EC0-301F-11D3-BF4B-00C04F79EFBC}") = "Colloseum.iOS", "Colloseum\Colloseum.iOS\Colloseum.iOS.csproj", "{CB51A7D1-5565-4213-936C-95D03751FAED}"
EndProject
Project("{FAE04EC0-301F-11D3-BF4B-00C04F79EFBC}") = "Colloseum.UWP", "Colloseum\Colloseum.UWP\Colloseum.UWP.csproj", "{1D8F2E29-30BF-41E5-8029-1B7F5BC957A1}"
EndProject
Project("{9A19103F-16F7-4668-BE54-9A1E7A4F7556}") = "Colloseum", "Colloseum\Colloseum\Colloseum.csproj", "{0C6700FD-220B-47FF-B1D6-2D9777EE6106}"
EndProject
Project("{2150E333-8FDC-42A3-9474-1A3956D46DE8}") = "Solution Items", "Solution Items", "{E2C56BFF-B851-47CB-8E4B-C0914BA42EA6}"
	ProjectSection(SolutionItems) = preProject
		Lessons Learned.txt = Lessons Learned.txt
	EndProjectSection
EndProject
Global
	GlobalSection(SolutionConfigurationPlatforms) = preSolution
		Ad-Hoc|Any CPU = Ad-Hoc|Any CPU
		Ad-Hoc|ARM = Ad-Hoc|ARM
		Ad-Hoc|iPhone = Ad-Hoc|iPhone
		Ad-Hoc|iPhoneSimulator = Ad-Hoc|iPhoneSimulator
		Ad-Hoc|x64 = Ad-Hoc|x64
		Ad-Hoc|x86 = Ad-Hoc|x86
		AppStore|Any CPU = AppStore|Any CPU
		AppStore|ARM = AppStore|ARM
		AppStore|iPhone = AppStore|iPhone
		AppStore|iPhoneSimulator = AppStore|iPhoneSimulator
		AppStore|x64 = AppStore|x64
		AppStore|x86 = AppStore|x86
		Debug|Any CPU = Debug|Any CPU
		Debug|ARM = Debug|ARM
		Debug|iPhone = Debug|iPhone
		Debug|iPhoneSimulator = Debug|iPhoneSimulator
		Debug|x64 = Debug|x64
		Debug|x86 = Debug|x86
		Release|Any CPU = Release|Any CPU
		Release|ARM = Release|ARM
		Release|iPhone = Release|iPhone
		Release|iPhoneSimulator = Release|iPhoneSimulator
		Release|x64 = Release|x64
		Release|x86 = Release|x86
	EndGlobalSection
	GlobalSection(ProjectConfigurationPlatforms) = postSolution
		{C87DB9B6-E5B7-44BC-A084-ED781EA577F0}.Ad-Hoc|Any CPU.ActiveCfg = Release|Any CPU
		{C87DB9B6-E5B7-44BC-A084-ED781EA577F0}.Ad-Hoc|Any CPU.Build.0 = Release|Any CPU
		{C87DB9B6-E5B7-44BC-A084-ED781EA577F0}.Ad-Hoc|Any CPU.Deploy.0 = Release|Any CPU
		{C87DB9B6-E5B7-44BC-A084-ED781EA577F0}.Ad-Hoc|ARM.ActiveCfg = Release|Any CPU
		{C87DB9B6-E5B7-44BC-A084-ED781EA577F0}.Ad-Hoc|ARM.Build.0 = Release|Any CPU
		{C87DB9B6-E5B7-44BC-A084-ED781EA577F0}.Ad-Hoc|ARM.Deploy.0 = Release|Any CPU
		{C87DB9B6-E5B7-44BC-A084-ED781EA577F0}.Ad-Hoc|iPhone.ActiveCfg = Release|Any CPU
		{C87DB9B6-E5B7-44BC-A084-ED781EA577F0}.Ad-Hoc|iPhone.Build.0 = Release|Any CPU
		{C87DB9B6-E5B7-44BC-A084-ED781EA577F0}.Ad-Hoc|iPhone.Deploy.0 = Release|Any CPU
		{C87DB9B6-E5B7-44BC-A084-ED781EA577F0}.Ad-Hoc|iPhoneSimulator.ActiveCfg = Release|Any CPU
		{C87DB9B6-E5B7-44BC-A084-ED781EA577F0}.Ad-Hoc|iPhoneSimulator.Build.0 = Release|Any CPU
		{C87DB9B6-E5B7-44BC-A084-ED781EA577F0}.Ad-Hoc|iPhoneSimulator.Deploy.0 = Release|Any CPU
		{C87DB9B6-E5B7-44BC-A084-ED781EA577F0}.Ad-Hoc|x64.ActiveCfg = Release|Any CPU
		{C87DB9B6-E5B7-44BC-A084-ED781EA577F0}.Ad-Hoc|x64.Build.0 = Release|Any CPU
		{C87DB9B6-E5B7-44BC-A084-ED781EA577F0}.Ad-Hoc|x64.Deploy.0 = Release|Any CPU
		{C87DB9B6-E5B7-44BC-A084-ED781EA577F0}.Ad-Hoc|x86.ActiveCfg = Release|Any CPU
		{C87DB9B6-E5B7-44BC-A084-ED781EA577F0}.Ad-Hoc|x86.Build.0 = Release|Any CPU
		{C87DB9B6-E5B7-44BC-A084-ED781EA577F0}.Ad-Hoc|x86.Deploy.0 = Release|Any CPU
		{C87DB9B6-E5B7-44BC-A084-ED781EA577F0}.AppStore|Any CPU.ActiveCfg = Release|Any CPU
		{C87DB9B6-E5B7-44BC-A084-ED781EA577F0}.AppStore|Any CPU.Build.0 = Release|Any CPU
		{C87DB9B6-E5B7-44BC-A084-ED781EA577F0}.AppStore|Any CPU.Deploy.0 = Release|Any CPU
		{C87DB9B6-E5B7-44BC-A084-ED781EA577F0}.AppStore|ARM.ActiveCfg = Release|Any CPU
		{C87DB9B6-E5B7-44BC-A084-ED781EA577F0}.AppStore|ARM.Build.0 = Release|Any CPU
		{C87DB9B6-E5B7-44BC-A084-ED781EA577F0}.AppStore|ARM.Deploy.0 = Release|Any CPU
		{C87DB9B6-E5B7-44BC-A084-ED781EA577F0}.AppStore|iPhone.ActiveCfg = Release|Any CPU
		{C87DB9B6-E5B7-44BC-A084-ED781EA577F0}.AppStore|iPhone.Build.0 = Release|Any CPU
		{C87DB9B6-E5B7-44BC-A084-ED781EA577F0}.AppStore|iPhone.Deploy.0 = Release|Any CPU
		{C87DB9B6-E5B7-44BC-A084-ED781EA577F0}.AppStore|iPhoneSimulator.ActiveCfg = Release|Any CPU
		{C87DB9B6-E5B7-44BC-A084-ED781EA577F0}.AppStore|iPhoneSimulator.Build.0 = Release|Any CPU
		{C87DB9B6-E5B7-44BC-A084-ED781EA577F0}.AppStore|iPhoneSimulator.Deploy.0 = Release|Any CPU
		{C87DB9B6-E5B7-44BC-A084-ED781EA577F0}.AppStore|x64.ActiveCfg = Release|Any CPU
		{C87DB9B6-E5B7-44BC-A084-ED781EA577F0}.AppStore|x64.Build.0 = Release|Any CPU
		{C87DB9B6-E5B7-44BC-A084-ED781EA577F0}.AppStore|x64.Deploy.0 = Release|Any CPU
		{C87DB9B6-E5B7-44BC-A084-ED781EA577F0}.AppStore|x86.ActiveCfg = Release|Any CPU
		{C87DB9B6-E5B7-44BC-A084-ED781EA577F0}.AppStore|x86.Build.0 = Release|Any CPU
		{C87DB9B6-E5B7-44BC-A084-ED781EA577F0}.AppStore|x86.Deploy.0 = Release|Any CPU
		{C87DB9B6-E5B7-44BC-A084-ED781EA577F0}.Debug|Any CPU.ActiveCfg = Debug|Any CPU
		{C87DB9B6-E5B7-44BC-A084-ED781EA577F0}.Debug|Any CPU.Build.0 = Debug|Any CPU
		{C87DB9B6-E5B7-44BC-A084-ED781EA577F0}.Debug|Any CPU.Deploy.0 = Debug|Any CPU
		{C87DB9B6-E5B7-44BC-A084-ED781EA577F0}.Debug|ARM.ActiveCfg = Debug|Any CPU
		{C87DB9B6-E5B7-44BC-A084-ED781EA577F0}.Debug|ARM.Build.0 = Debug|Any CPU
		{C87DB9B6-E5B7-44BC-A084-ED781EA577F0}.Debug|ARM.Deploy.0 = Debug|Any CPU
		{C87DB9B6-E5B7-44BC-A084-ED781EA577F0}.Debug|iPhone.ActiveCfg = Debug|Any CPU
		{C87DB9B6-E5B7-44BC-A084-ED781EA577F0}.Debug|iPhone.Build.0 = Debug|Any CPU
		{C87DB9B6-E5B7-44BC-A084-ED781EA577F0}.Debug|iPhone.Deploy.0 = Debug|Any CPU
		{C87DB9B6-E5B7-44BC-A084-ED781EA577F0}.Debug|iPhoneSimulator.ActiveCfg = Debug|Any CPU
		{C87DB9B6-E5B7-44BC-A084-ED781EA577F0}.Debug|iPhoneSimulator.Build.0 = Debug|Any CPU
		{C87DB9B6-E5B7-44BC-A084-ED781EA577F0}.Debug|iPhoneSimulator.Deploy.0 = Debug|Any CPU
		{C87DB9B6-E5B7-44BC-A084-ED781EA577F0}.Debug|x64.ActiveCfg = Debug|Any CPU
		{C87DB9B6-E5B7-44BC-A084-ED781EA577F0}.Debug|x64.Build.0 = Debug|Any CPU
		{C87DB9B6-E5B7-44BC-A084-ED781EA577F0}.Debug|x64.Deploy.0 = Debug|Any CPU
		{C87DB9B6-E5B7-44BC-A084-ED781EA577F0}.Debug|x86.ActiveCfg = Debug|Any CPU
		{C87DB9B6-E5B7-44BC-A084-ED781EA577F0}.Debug|x86.Build.0 = Debug|Any CPU
		{C87DB9B6-E5B7-44BC-A084-ED781EA577F0}.Debug|x86.Deploy.0 = Debug|Any CPU
		{C87DB9B6-E5B7-44BC-A084-ED781EA577F0}.Release|Any CPU.ActiveCfg = Release|Any CPU
		{C87DB9B6-E5B7-44BC-A084-ED781EA577F0}.Release|Any CPU.Build.0 = Release|Any CPU
		{C87DB9B6-E5B7-44BC-A084-ED781EA577F0}.Release|Any CPU.Deploy.0 = Release|Any CPU
		{C87DB9B6-E5B7-44BC-A084-ED781EA577F0}.Release|ARM.ActiveCfg = Release|Any CPU
		{C87DB9B6-E5B7-44BC-A084-ED781EA577F0}.Release|ARM.Build.0 = Release|Any CPU
		{C87DB9B6-E5B7-44BC-A084-ED781EA577F0}.Release|ARM.Deploy.0 = Release|Any CPU
		{C87DB9B6-E5B7-44BC-A084-ED781EA577F0}.Release|iPhone.ActiveCfg = Release|Any CPU
		{C87DB9B6-E5B7-44BC-A084-ED781EA577F0}.Release|iPhone.Build.0 = Release|Any CPU
		{C87DB9B6-E5B7-44BC-A084-ED781EA577F0}.Release|iPhone.Deploy.0 = Release|Any CPU
		{C87DB9B6-E5B7-44BC-A084-ED781EA577F0}.Release|iPhoneSimulator.ActiveCfg = Release|Any CPU
		{C87DB9B6-E5B7-44BC-A084-ED781EA577F0}.Release|iPhoneSimulator.Build.0 = Release|Any CPU
		{C87DB9B6-E5B7-44BC-A084-ED781EA577F0}.Release|iPhoneSimulator.Deploy.0 = Release|Any CPU
		{C87DB9B6-E5B7-44BC-A084-ED781EA577F0}.Release|x64.ActiveCfg = Release|Any CPU
		{C87DB9B6-E5B7-44BC-A084-ED781EA577F0}.Release|x64.Build.0 = Release|Any CPU
		{C87DB9B6-E5B7-44BC-A084-ED781EA577F0}.Release|x64.Deploy.0 = Release|Any CPU
		{C87DB9B6-E5B7-44BC-A084-ED781EA577F0}.Release|x86.ActiveCfg = Release|Any CPU
		{C87DB9B6-E5B7-44BC-A084-ED781EA577F0}.Release|x86.Build.0 = Release|Any CPU
		{C87DB9B6-E5B7-44BC-A084-ED781EA577F0}.Release|x86.Deploy.0 = Release|Any CPU
		{CB51A7D1-5565-4213-936C-95D03751FAED}.Ad-Hoc|Any CPU.ActiveCfg = Ad-Hoc|iPhone
		{CB51A7D1-5565-4213-936C-95D03751FAED}.Ad-Hoc|Any CPU.Build.0 = Ad-Hoc|iPhone
		{CB51A7D1-5565-4213-936C-95D03751FAED}.Ad-Hoc|Any CPU.Deploy.0 = Ad-Hoc|iPhone
		{CB51A7D1-5565-4213-936C-95D03751FAED}.Ad-Hoc|ARM.ActiveCfg = Ad-Hoc|iPhone
		{CB51A7D1-5565-4213-936C-95D03751FAED}.Ad-Hoc|ARM.Build.0 = Ad-Hoc|iPhone
		{CB51A7D1-5565-4213-936C-95D03751FAED}.Ad-Hoc|ARM.Deploy.0 = Ad-Hoc|iPhone
		{CB51A7D1-5565-4213-936C-95D03751FAED}.Ad-Hoc|iPhone.ActiveCfg = Ad-Hoc|iPhone
		{CB51A7D1-5565-4213-936C-95D03751FAED}.Ad-Hoc|iPhone.Build.0 = Ad-Hoc|iPhone
		{CB51A7D1-5565-4213-936C-95D03751FAED}.Ad-Hoc|iPhone.Deploy.0 = Ad-Hoc|iPhone
		{CB51A7D1-5565-4213-936C-95D03751FAED}.Ad-Hoc|iPhoneSimulator.ActiveCfg = Ad-Hoc|iPhoneSimulator
		{CB51A7D1-5565-4213-936C-95D03751FAED}.Ad-Hoc|iPhoneSimulator.Build.0 = Ad-Hoc|iPhoneSimulator
		{CB51A7D1-5565-4213-936C-95D03751FAED}.Ad-Hoc|iPhoneSimulator.Deploy.0 = Ad-Hoc|iPhoneSimulator
		{CB51A7D1-5565-4213-936C-95D03751FAED}.Ad-Hoc|x64.ActiveCfg = Ad-Hoc|iPhone
		{CB51A7D1-5565-4213-936C-95D03751FAED}.Ad-Hoc|x64.Build.0 = Ad-Hoc|iPhone
		{CB51A7D1-5565-4213-936C-95D03751FAED}.Ad-Hoc|x64.Deploy.0 = Ad-Hoc|iPhone
		{CB51A7D1-5565-4213-936C-95D03751FAED}.Ad-Hoc|x86.ActiveCfg = Ad-Hoc|iPhone
		{CB51A7D1-5565-4213-936C-95D03751FAED}.Ad-Hoc|x86.Build.0 = Ad-Hoc|iPhone
		{CB51A7D1-5565-4213-936C-95D03751FAED}.Ad-Hoc|x86.Deploy.0 = Ad-Hoc|iPhone
		{CB51A7D1-5565-4213-936C-95D03751FAED}.AppStore|Any CPU.ActiveCfg = AppStore|iPhone
		{CB51A7D1-5565-4213-936C-95D03751FAED}.AppStore|Any CPU.Build.0 = AppStore|iPhone
		{CB51A7D1-5565-4213-936C-95D03751FAED}.AppStore|Any CPU.Deploy.0 = AppStore|iPhone
		{CB51A7D1-5565-4213-936C-95D03751FAED}.AppStore|ARM.ActiveCfg = AppStore|iPhone
		{CB51A7D1-5565-4213-936C-95D03751FAED}.AppStore|ARM.Build.0 = AppStore|iPhone
		{CB51A7D1-5565-4213-936C-95D03751FAED}.AppStore|ARM.Deploy.0 = AppStore|iPhone
		{CB51A7D1-5565-4213-936C-95D03751FAED}.AppStore|iPhone.ActiveCfg = AppStore|iPhone
		{CB51A7D1-5565-4213-936C-95D03751FAED}.AppStore|iPhone.Build.0 = AppStore|iPhone
		{CB51A7D1-5565-4213-936C-95D03751FAED}.AppStore|iPhone.Deploy.0 = AppStore|iPhone
		{CB51A7D1-5565-4213-936C-95D03751FAED}.AppStore|iPhoneSimulator.ActiveCfg = AppStore|iPhoneSimulator
		{CB51A7D1-5565-4213-936C-95D03751FAED}.AppStore|iPhoneSimulator.Build.0 = AppStore|iPhoneSimulator
		{CB51A7D1-5565-4213-936C-95D03751FAED}.AppStore|iPhoneSimulator.Deploy.0 = AppStore|iPhoneSimulator
		{CB51A7D1-5565-4213-936C-95D03751FAED}.AppStore|x64.ActiveCfg = AppStore|iPhone
		{CB51A7D1-5565-4213-936C-95D03751FAED}.AppStore|x64.Build.0 = AppStore|iPhone
		{CB51A7D1-5565-4213-936C-95D03751FAED}.AppStore|x64.Deploy.0 = AppStore|iPhone
		{CB51A7D1-5565-4213-936C-95D03751FAED}.AppStore|x86.ActiveCfg = AppStore|iPhone
		{CB51A7D1-5565-4213-936C-95D03751FAED}.AppStore|x86.Build.0 = AppStore|iPhone
		{CB51A7D1-5565-4213-936C-95D03751FAED}.AppStore|x86.Deploy.0 = AppStore|iPhone
		{CB51A7D1-5565-4213-936C-95D03751FAED}.Debug|Any CPU.ActiveCfg = Debug|iPhoneSimulator
		{CB51A7D1-5565-4213-936C-95D03751FAED}.Debug|Any CPU.Build.0 = Debug|iPhoneSimulator
		{CB51A7D1-5565-4213-936C-95D03751FAED}.Debug|Any CPU.Deploy.0 = Debug|iPhoneSimulator
		{CB51A7D1-5565-4213-936C-95D03751FAED}.Debug|ARM.ActiveCfg = Debug|iPhone
		{CB51A7D1-5565-4213-936C-95D03751FAED}.Debug|ARM.Build.0 = Debug|iPhone
		{CB51A7D1-5565-4213-936C-95D03751FAED}.Debug|ARM.Deploy.0 = Debug|iPhone
		{CB51A7D1-5565-4213-936C-95D03751FAED}.Debug|iPhone.ActiveCfg = Debug|iPhone
		{CB51A7D1-5565-4213-936C-95D03751FAED}.Debug|iPhone.Build.0 = Debug|iPhone
		{CB51A7D1-5565-4213-936C-95D03751FAED}.Debug|iPhone.Deploy.0 = Debug|iPhone
		{CB51A7D1-5565-4213-936C-95D03751FAED}.Debug|iPhoneSimulator.ActiveCfg = Debug|iPhoneSimulator
		{CB51A7D1-5565-4213-936C-95D03751FAED}.Debug|iPhoneSimulator.Build.0 = Debug|iPhoneSimulator
		{CB51A7D1-5565-4213-936C-95D03751FAED}.Debug|iPhoneSimulator.Deploy.0 = Debug|iPhoneSimulator
		{CB51A7D1-5565-4213-936C-95D03751FAED}.Debug|x64.ActiveCfg = Debug|iPhone
		{CB51A7D1-5565-4213-936C-95D03751FAED}.Debug|x64.Build.0 = Debug|iPhone
		{CB51A7D1-5565-4213-936C-95D03751FAED}.Debug|x64.Deploy.0 = Debug|iPhone
		{CB51A7D1-5565-4213-936C-95D03751FAED}.Debug|x86.ActiveCfg = Debug|iPhone
		{CB51A7D1-5565-4213-936C-95D03751FAED}.Debug|x86.Build.0 = Debug|iPhone
		{CB51A7D1-5565-4213-936C-95D03751FAED}.Debug|x86.Deploy.0 = Debug|iPhone
		{CB51A7D1-5565-4213-936C-95D03751FAED}.Release|Any CPU.ActiveCfg = Release|iPhone
		{CB51A7D1-5565-4213-936C-95D03751FAED}.Release|Any CPU.Build.0 = Release|iPhone
		{CB51A7D1-5565-4213-936C-95D03751FAED}.Release|Any CPU.Deploy.0 = Release|iPhone
		{CB51A7D1-5565-4213-936C-95D03751FAED}.Release|ARM.ActiveCfg = Release|iPhone
		{CB51A7D1-5565-4213-936C-95D03751FAED}.Release|ARM.Build.0 = Release|iPhone
		{CB51A7D1-5565-4213-936C-95D03751FAED}.Release|ARM.Deploy.0 = Release|iPhone
		{CB51A7D1-5565-4213-936C-95D03751FAED}.Release|iPhone.ActiveCfg = Release|iPhone
		{CB51A7D1-5565-4213-936C-95D03751FAED}.Release|iPhone.Build.0 = Release|iPhone
		{CB51A7D1-5565-4213-936C-95D03751FAED}.Release|iPhone.Deploy.0 = Release|iPhone
		{CB51A7D1-5565-4213-936C-95D03751FAED}.Release|iPhoneSimulator.ActiveCfg = Release|iPhoneSimulator
		{CB51A7D1-5565-4213-936C-95D03751FAED}.Release|iPhoneSimulator.Build.0 = Release|iPhoneSimulator
		{CB51A7D1-5565-4213-936C-95D03751FAED}.Release|iPhoneSimulator.Deploy.0 = Release|iPhoneSimulator
		{CB51A7D1-5565-4213-936C-95D03751FAED}.Release|x64.ActiveCfg = Release|iPhone
		{CB51A7D1-5565-4213-936C-95D03751FAED}.Release|x64.Build.0 = Release|iPhone
		{CB51A7D1-5565-4213-936C-95D03751FAED}.Release|x64.Deploy.0 = Release|iPhone
		{CB51A7D1-5565-4213-936C-95D03751FAED}.Release|x86.ActiveCfg = Release|iPhone
		{CB51A7D1-5565-4213-936C-95D03751FAED}.Release|x86.Build.0 = Release|iPhone
		{CB51A7D1-5565-4213-936C-95D03751FAED}.Release|x86.Deploy.0 = Release|iPhone
		{1D8F2E29-30BF-41E5-8029-1B7F5BC957A1}.Ad-Hoc|Any CPU.ActiveCfg = Release|x86
		{1D8F2E29-30BF-41E5-8029-1B7F5BC957A1}.Ad-Hoc|Any CPU.Build.0 = Release|x86
		{1D8F2E29-30BF-41E5-8029-1B7F5BC957A1}.Ad-Hoc|Any CPU.Deploy.0 = Release|x86
		{1D8F2E29-30BF-41E5-8029-1B7F5BC957A1}.Ad-Hoc|ARM.ActiveCfg = Release|ARM
		{1D8F2E29-30BF-41E5-8029-1B7F5BC957A1}.Ad-Hoc|ARM.Build.0 = Release|ARM
		{1D8F2E29-30BF-41E5-8029-1B7F5BC957A1}.Ad-Hoc|ARM.Deploy.0 = Release|ARM
		{1D8F2E29-30BF-41E5-8029-1B7F5BC957A1}.Ad-Hoc|iPhone.ActiveCfg = Release|x86
		{1D8F2E29-30BF-41E5-8029-1B7F5BC957A1}.Ad-Hoc|iPhone.Build.0 = Release|x86
		{1D8F2E29-30BF-41E5-8029-1B7F5BC957A1}.Ad-Hoc|iPhone.Deploy.0 = Release|x86
		{1D8F2E29-30BF-41E5-8029-1B7F5BC957A1}.Ad-Hoc|iPhoneSimulator.ActiveCfg = Release|x86
		{1D8F2E29-30BF-41E5-8029-1B7F5BC957A1}.Ad-Hoc|iPhoneSimulator.Build.0 = Release|x86
		{1D8F2E29-30BF-41E5-8029-1B7F5BC957A1}.Ad-Hoc|iPhoneSimulator.Deploy.0 = Release|x86
		{1D8F2E29-30BF-41E5-8029-1B7F5BC957A1}.Ad-Hoc|x64.ActiveCfg = Release|x64
		{1D8F2E29-30BF-41E5-8029-1B7F5BC957A1}.Ad-Hoc|x64.Build.0 = Release|x64
		{1D8F2E29-30BF-41E5-8029-1B7F5BC957A1}.Ad-Hoc|x64.Deploy.0 = Release|x64
		{1D8F2E29-30BF-41E5-8029-1B7F5BC957A1}.Ad-Hoc|x86.ActiveCfg = Release|x86
		{1D8F2E29-30BF-41E5-8029-1B7F5BC957A1}.Ad-Hoc|x86.Build.0 = Release|x86
		{1D8F2E29-30BF-41E5-8029-1B7F5BC957A1}.Ad-Hoc|x86.Deploy.0 = Release|x86
		{1D8F2E29-30BF-41E5-8029-1B7F5BC957A1}.AppStore|Any CPU.ActiveCfg = Release|x86
		{1D8F2E29-30BF-41E5-8029-1B7F5BC957A1}.AppStore|Any CPU.Build.0 = Release|x86
		{1D8F2E29-30BF-41E5-8029-1B7F5BC957A1}.AppStore|Any CPU.Deploy.0 = Release|x86
		{1D8F2E29-30BF-41E5-8029-1B7F5BC957A1}.AppStore|ARM.ActiveCfg = Release|ARM
		{1D8F2E29-30BF-41E5-8029-1B7F5BC957A1}.AppStore|ARM.Build.0 = Release|ARM
		{1D8F2E29-30BF-41E5-8029-1B7F5BC957A1}.AppStore|ARM.Deploy.0 = Release|ARM
		{1D8F2E29-30BF-41E5-8029-1B7F5BC957A1}.AppStore|iPhone.ActiveCfg = Release|x86
		{1D8F2E29-30BF-41E5-8029-1B7F5BC957A1}.AppStore|iPhone.Build.0 = Release|x86
		{1D8F2E29-30BF-41E5-8029-1B7F5BC957A1}.AppStore|iPhone.Deploy.0 = Release|x86
		{1D8F2E29-30BF-41E5-8029-1B7F5BC957A1}.AppStore|iPhoneSimulator.ActiveCfg = Release|x86
		{1D8F2E29-30BF-41E5-8029-1B7F5BC957A1}.AppStore|iPhoneSimulator.Build.0 = Release|x86
		{1D8F2E29-30BF-41E5-8029-1B7F5BC957A1}.AppStore|iPhoneSimulator.Deploy.0 = Release|x86
		{1D8F2E29-30BF-41E5-8029-1B7F5BC957A1}.AppStore|x64.ActiveCfg = Release|x64
		{1D8F2E29-30BF-41E5-8029-1B7F5BC957A1}.AppStore|x64.Build.0 = Release|x64
		{1D8F2E29-30BF-41E5-8029-1B7F5BC957A1}.AppStore|x64.Deploy.0 = Release|x64
		{1D8F2E29-30BF-41E5-8029-1B7F5BC957A1}.AppStore|x86.ActiveCfg = Release|x86
		{1D8F2E29-30BF-41E5-8029-1B7F5BC957A1}.AppStore|x86.Build.0 = Release|x86
		{1D8F2E29-30BF-41E5-8029-1B7F5BC957A1}.AppStore|x86.Deploy.0 = Release|x86
		{1D8F2E29-30BF-41E5-8029-1B7F5BC957A1}.Debug|Any CPU.ActiveCfg = Debug|x86
		{1D8F2E29-30BF-41E5-8029-1B7F5BC957A1}.Debug|Any CPU.Build.0 = Debug|x86
		{1D8F2E29-30BF-41E5-8029-1B7F5BC957A1}.Debug|Any CPU.Deploy.0 = Debug|x86
		{1D8F2E29-30BF-41E5-8029-1B7F5BC957A1}.Debug|ARM.ActiveCfg = Debug|ARM
		{1D8F2E29-30BF-41E5-8029-1B7F5BC957A1}.Debug|ARM.Build.0 = Debug|ARM
		{1D8F2E29-30BF-41E5-8029-1B7F5BC957A1}.Debug|ARM.Deploy.0 = Debug|ARM
		{1D8F2E29-30BF-41E5-8029-1B7F5BC957A1}.Debug|iPhone.ActiveCfg = Debug|x86
		{1D8F2E29-30BF-41E5-8029-1B7F5BC957A1}.Debug|iPhone.Build.0 = Debug|x86
		{1D8F2E29-30BF-41E5-8029-1B7F5BC957A1}.Debug|iPhone.Deploy.0 = Debug|x86
		{1D8F2E29-30BF-41E5-8029-1B7F5BC957A1}.Debug|iPhoneSimulator.ActiveCfg = Debug|x86
		{1D8F2E29-30BF-41E5-8029-1B7F5BC957A1}.Debug|iPhoneSimulator.Build.0 = Debug|x86
		{1D8F2E29-30BF-41E5-8029-1B7F5BC957A1}.Debug|iPhoneSimulator.Deploy.0 = Debug|x86
		{1D8F2E29-30BF-41E5-8029-1B7F5BC957A1}.Debug|x64.ActiveCfg = Debug|x64
		{1D8F2E29-30BF-41E5-8029-1B7F5BC957A1}.Debug|x64.Build.0 = Debug|x64
		{1D8F2E29-30BF-41E5-8029-1B7F5BC957A1}.Debug|x64.Deploy.0 = Debug|x64
		{1D8F2E29-30BF-41E5-8029-1B7F5BC957A1}.Debug|x86.ActiveCfg = Debug|x86
		{1D8F2E29-30BF-41E5-8029-1B7F5BC957A1}.Debug|x86.Build.0 = Debug|x86
		{1D8F2E29-30BF-41E5-8029-1B7F5BC957A1}.Debug|x86.Deploy.0 = Debug|x86
		{1D8F2E29-30BF-41E5-8029-1B7F5BC957A1}.Release|Any CPU.ActiveCfg = Release|x86
		{1D8F2E29-30BF-41E5-8029-1B7F5BC957A1}.Release|Any CPU.Build.0 = Release|x86
		{1D8F2E29-30BF-41E5-8029-1B7F5BC957A1}.Release|Any CPU.Deploy.0 = Release|x86
		{1D8F2E29-30BF-41E5-8029-1B7F5BC957A1}.Release|ARM.ActiveCfg = Release|ARM
		{1D8F2E29-30BF-41E5-8029-1B7F5BC957A1}.Release|ARM.Build.0 = Release|ARM
		{1D8F2E29-30BF-41E5-8029-1B7F5BC957A1}.Release|ARM.Deploy.0 = Release|ARM
		{1D8F2E29-30BF-41E5-8029-1B7F5BC957A1}.Release|iPhone.ActiveCfg = Release|x86
		{1D8F2E29-30BF-41E5-8029-1B7F5BC957A1}.Release|iPhone.Build.0 = Release|x86
		{1D8F2E29-30BF-41E5-8029-1B7F5BC957A1}.Release|iPhone.Deploy.0 = Release|x86
		{1D8F2E29-30BF-41E5-8029-1B7F5BC957A1}.Release|iPhoneSimulator.ActiveCfg = Release|x86
		{1D8F2E29-30BF-41E5-8029-1B7F5BC957A1}.Release|iPhoneSimulator.Build.0 = Release|x86
		{1D8F2E29-30BF-41E5-8029-1B7F5BC957A1}.Release|iPhoneSimulator.Deploy.0 = Release|x86
		{1D8F2E29-30BF-41E5-8029-1B7F5BC957A1}.Release|x64.ActiveCfg = Release|x64
		{1D8F2E29-30BF-41E5-8029-1B7F5BC957A1}.Release|x64.Build.0 = Release|x64
		{1D8F2E29-30BF-41E5-8029-1B7F5BC957A1}.Release|x64.Deploy.0 = Release|x64
		{1D8F2E29-30BF-41E5-8029-1B7F5BC957A1}.Release|x86.ActiveCfg = Release|x86
		{1D8F2E29-30BF-41E5-8029-1B7F5BC957A1}.Release|x86.Build.0 = Release|x86
		{1D8F2E29-30BF-41E5-8029-1B7F5BC957A1}.Release|x86.Deploy.0 = Release|x86
		{0C6700FD-220B-47FF-B1D6-2D9777EE6106}.Ad-Hoc|Any CPU.ActiveCfg = Debug|Any CPU
		{0C6700FD-220B-47FF-B1D6-2D9777EE6106}.Ad-Hoc|Any CPU.Build.0 = Debug|Any CPU
		{0C6700FD-220B-47FF-B1D6-2D9777EE6106}.Ad-Hoc|Any CPU.Deploy.0 = Debug|Any CPU
		{0C6700FD-220B-47FF-B1D6-2D9777EE6106}.Ad-Hoc|ARM.ActiveCfg = Debug|Any CPU
		{0C6700FD-220B-47FF-B1D6-2D9777EE6106}.Ad-Hoc|ARM.Build.0 = Debug|Any CPU
		{0C6700FD-220B-47FF-B1D6-2D9777EE6106}.Ad-Hoc|ARM.Deploy.0 = Debug|Any CPU
		{0C6700FD-220B-47FF-B1D6-2D9777EE6106}.Ad-Hoc|iPhone.ActiveCfg = Debug|Any CPU
		{0C6700FD-220B-47FF-B1D6-2D9777EE6106}.Ad-Hoc|iPhone.Build.0 = Debug|Any CPU
		{0C6700FD-220B-47FF-B1D6-2D9777EE6106}.Ad-Hoc|iPhone.Deploy.0 = Debug|Any CPU
		{0C6700FD-220B-47FF-B1D6-2D9777EE6106}.Ad-Hoc|iPhoneSimulator.ActiveCfg = Debug|Any CPU
		{0C6700FD-220B-47FF-B1D6-2D9777EE6106}.Ad-Hoc|iPhoneSimulator.Build.0 = Debug|Any CPU
		{0C6700FD-220B-47FF-B1D6-2D9777EE6106}.Ad-Hoc|iPhoneSimulator.Deploy.0 = Debug|Any CPU
		{0C6700FD-220B-47FF-B1D6-2D9777EE6106}.Ad-Hoc|x64.ActiveCfg = Debug|Any CPU
		{0C6700FD-220B-47FF-B1D6-2D9777EE6106}.Ad-Hoc|x64.Build.0 = Debug|Any CPU
		{0C6700FD-220B-47FF-B1D6-2D9777EE6106}.Ad-Hoc|x64.Deploy.0 = Debug|Any CPU
		{0C6700FD-220B-47FF-B1D6-2D9777EE6106}.Ad-Hoc|x86.ActiveCfg = Debug|Any CPU
		{0C6700FD-220B-47FF-B1D6-2D9777EE6106}.Ad-Hoc|x86.Build.0 = Debug|Any CPU
		{0C6700FD-220B-47FF-B1D6-2D9777EE6106}.Ad-Hoc|x86.Deploy.0 = Debug|Any CPU
		{0C6700FD-220B-47FF-B1D6-2D9777EE6106}.AppStore|Any CPU.ActiveCfg = Debug|Any CPU
		{0C6700FD-220B-47FF-B1D6-2D9777EE6106}.AppStore|Any CPU.Build.0 = Debug|Any CPU
		{0C6700FD-220B-47FF-B1D6-2D9777EE6106}.AppStore|Any CPU.Deploy.0 = Debug|Any CPU
		{0C6700FD-220B-47FF-B1D6-2D9777EE6106}.AppStore|ARM.ActiveCfg = Debug|Any CPU
		{0C6700FD-220B-47FF-B1D6-2D9777EE6106}.AppStore|ARM.Build.0 = Debug|Any CPU
		{0C6700FD-220B-47FF-B1D6-2D9777EE6106}.AppStore|ARM.Deploy.0 = Debug|Any CPU
		{0C6700FD-220B-47FF-B1D6-2D9777EE6106}.AppStore|iPhone.ActiveCfg = Debug|Any CPU
		{0C6700FD-220B-47FF-B1D6-2D9777EE6106}.AppStore|iPhone.Build.0 = Debug|Any CPU
		{0C6700FD-220B-47FF-B1D6-2D9777EE6106}.AppStore|iPhone.Deploy.0 = Debug|Any CPU
		{0C6700FD-220B-47FF-B1D6-2D9777EE6106}.AppStore|iPhoneSimulator.ActiveCfg = Debug|Any CPU
		{0C6700FD-220B-47FF-B1D6-2D9777EE6106}.AppStore|iPhoneSimulator.Build.0 = Debug|Any CPU
		{0C6700FD-220B-47FF-B1D6-2D9777EE6106}.AppStore|iPhoneSimulator.Deploy.0 = Debug|Any CPU
		{0C6700FD-220B-47FF-B1D6-2D9777EE6106}.AppStore|x64.ActiveCfg = Debug|Any CPU
		{0C6700FD-220B-47FF-B1D6-2D9777EE6106}.AppStore|x64.Build.0 = Debug|Any CPU
		{0C6700FD-220B-47FF-B1D6-2D9777EE6106}.AppStore|x64.Deploy.0 = Debug|Any CPU
		{0C6700FD-220B-47FF-B1D6-2D9777EE6106}.AppStore|x86.ActiveCfg = Debug|Any CPU
		{0C6700FD-220B-47FF-B1D6-2D9777EE6106}.AppStore|x86.Build.0 = Debug|Any CPU
		{0C6700FD-220B-47FF-B1D6-2D9777EE6106}.AppStore|x86.Deploy.0 = Debug|Any CPU
		{0C6700FD-220B-47FF-B1D6-2D9777EE6106}.Debug|Any CPU.ActiveCfg = Debug|Any CPU
		{0C6700FD-220B-47FF-B1D6-2D9777EE6106}.Debug|Any CPU.Build.0 = Debug|Any CPU
		{0C6700FD-220B-47FF-B1D6-2D9777EE6106}.Debug|Any CPU.Deploy.0 = Debug|Any CPU
		{0C6700FD-220B-47FF-B1D6-2D9777EE6106}.Debug|ARM.ActiveCfg = Debug|Any CPU
		{0C6700FD-220B-47FF-B1D6-2D9777EE6106}.Debug|ARM.Build.0 = Debug|Any CPU
		{0C6700FD-220B-47FF-B1D6-2D9777EE6106}.Debug|ARM.Deploy.0 = Debug|Any CPU
		{0C6700FD-220B-47FF-B1D6-2D9777EE6106}.Debug|iPhone.ActiveCfg = Debug|Any CPU
		{0C6700FD-220B-47FF-B1D6-2D9777EE6106}.Debug|iPhone.Build.0 = Debug|Any CPU
		{0C6700FD-220B-47FF-B1D6-2D9777EE6106}.Debug|iPhone.Deploy.0 = Debug|Any CPU
		{0C6700FD-220B-47FF-B1D6-2D9777EE6106}.Debug|iPhoneSimulator.ActiveCfg = Debug|Any CPU
		{0C6700FD-220B-47FF-B1D6-2D9777EE6106}.Debug|iPhoneSimulator.Build.0 = Debug|Any CPU
		{0C6700FD-220B-47FF-B1D6-2D9777EE6106}.Debug|iPhoneSimulator.Deploy.0 = Debug|Any CPU
		{0C6700FD-220B-47FF-B1D6-2D9777EE6106}.Debug|x64.ActiveCfg = Debug|Any CPU
		{0C6700FD-220B-47FF-B1D6-2D9777EE6106}.Debug|x64.Build.0 = Debug|Any CPU
		{0C6700FD-220B-47FF-B1D6-2D9777EE6106}.Debug|x64.Deploy.0 = Debug|Any CPU
		{0C6700FD-220B-47FF-B1D6-2D9777EE6106}.Debug|x86.ActiveCfg = Debug|Any CPU
		{0C6700FD-220B-47FF-B1D6-2D9777EE6106}.Debug|x86.Build.0 = Debug|Any CPU
		{0C6700FD-220B-47FF-B1D6-2D9777EE6106}.Debug|x86.Deploy.0 = Debug|Any CPU
		{0C6700FD-220B-47FF-B1D6-2D9777EE6106}.Release|Any CPU.ActiveCfg = Release|Any CPU
		{0C6700FD-220B-47FF-B1D6-2D9777EE6106}.Release|Any CPU.Build.0 = Release|Any CPU
		{0C6700FD-220B-47FF-B1D6-2D9777EE6106}.Release|Any CPU.Deploy.0 = Release|Any CPU
		{0C6700FD-220B-47FF-B1D6-2D9777EE6106}.Release|ARM.ActiveCfg = Release|Any CPU
		{0C6700FD-220B-47FF-B1D6-2D9777EE6106}.Release|ARM.Build.0 = Release|Any CPU
		{0C6700FD-220B-47FF-B1D6-2D9777EE6106}.Release|ARM.Deploy.0 = Release|Any CPU
		{0C6700FD-220B-47FF-B1D6-2D9777EE6106}.Release|iPhone.ActiveCfg = Release|Any CPU
		{0C6700FD-220B-47FF-B1D6-2D9777EE6106}.Release|iPhone.Build.0 = Release|Any CPU
		{0C6700FD-220B-47FF-B1D6-2D9777EE6106}.Release|iPhone.Deploy.0 = Release|Any CPU
		{0C6700FD-220B-47FF-B1D6-2D9777EE6106}.Release|iPhoneSimulator.ActiveCfg = Release|Any CPU
		{0C6700FD-220B-47FF-B1D6-2D9777EE6106}.Release|iPhoneSimulator.Build.0 = Release|Any CPU
		{0C6700FD-220B-47FF-B1D6-2D9777EE6106}.Release|iPhoneSimulator.Deploy.0 = Release|Any CPU
		{0C6700FD-220B-47FF-B1D6-2D9777EE6106}.Release|x64.ActiveCfg = Release|Any CPU
		{0C6700FD-220B-47FF-B1D6-2D9777EE6106}.Release|x64.Build.0 = Release|Any CPU
		{0C6700FD-220B-47FF-B1D6-2D9777EE6106}.Release|x64.Deploy.0 = Release|Any CPU
		{0C6700FD-220B-47FF-B1D6-2D9777EE6106}.Release|x86.ActiveCfg = Release|Any CPU
		{0C6700FD-220B-47FF-B1D6-2D9777EE6106}.Release|x86.Build.0 = Release|Any CPU
		{0C6700FD-220B-47FF-B1D6-2D9777EE6106}.Release|x86.Deploy.0 = Release|Any CPU
	EndGlobalSection
	GlobalSection(SolutionProperties) = preSolution
		HideSolutionNode = FALSE
	EndGlobalSection
	GlobalSection(ExtensibilityGlobals) = postSolution
		SolutionGuid = {BE172A5F-605A-4EE4-BC0C-54061F624C87}
	EndGlobalSection
EndGlobal
