
Microsoft Visual Studio Solution File, Format Version 12.00
# Visual Studio 15
VisualStudioVersion = 15.0.28307.329
MinimumVisualStudioVersion = 10.0.40219.1
Project("{FAE04EC0-301F-11D3-BF4B-00C04F79EFBC}") = "Colloseum.UI.Mobile", "Colloseum.UI.Mobile\Colloseum.UI.Mobile\Colloseum.UI.Mobile.csproj", "{C24A19C7-05BD-46F7-865D-7F49279D0044}"
EndProject
Project("{FAE04EC0-301F-11D3-BF4B-00C04F79EFBC}") = "Colloseum.UI.Mobile.Android", "Colloseum.UI.Mobile\Colloseum.UI.Mobile.Android\Colloseum.UI.Mobile.Android.csproj", "{8E64BBFD-6013-4058-B85C-DE8A579999E6}"
EndProject
Project("{FAE04EC0-301F-11D3-BF4B-00C04F79EFBC}") = "Colloseum.UI.Mobile.iOS", "Colloseum.UI.Mobile\Colloseum.UI.Mobile.iOS\Colloseum.UI.Mobile.iOS.csproj", "{26541276-BA82-4B6A-B124-E9B760EE62DA}"
EndProject
Project("{FAE04EC0-301F-11D3-BF4B-00C04F79EFBC}") = "Colloseum.UI.Module", "Colloseum.UI.Module\Colloseum.UI.Module.csproj", "{33FA8D4F-B996-4301-B1F1-49269B8A3371}"
EndProject
Global
	GlobalSection(SolutionConfigurationPlatforms) = preSolution
		Ad-Hoc|Any CPU = Ad-Hoc|Any CPU
		Ad-Hoc|iPhone = Ad-Hoc|iPhone
		Ad-Hoc|iPhoneSimulator = Ad-Hoc|iPhoneSimulator
		AppStore|Any CPU = AppStore|Any CPU
		AppStore|iPhone = AppStore|iPhone
		AppStore|iPhoneSimulator = AppStore|iPhoneSimulator
		Debug|Any CPU = Debug|Any CPU
		Debug|iPhone = Debug|iPhone
		Debug|iPhoneSimulator = Debug|iPhoneSimulator
		Release|Any CPU = Release|Any CPU
		Release|iPhone = Release|iPhone
		Release|iPhoneSimulator = Release|iPhoneSimulator
	EndGlobalSection
	GlobalSection(ProjectConfigurationPlatforms) = postSolution
		{C24A19C7-05BD-46F7-865D-7F49279D0044}.Ad-Hoc|Any CPU.ActiveCfg = Debug|Any CPU
		{C24A19C7-05BD-46F7-865D-7F49279D0044}.Ad-Hoc|Any CPU.Build.0 = Debug|Any CPU
		{C24A19C7-05BD-46F7-865D-7F49279D0044}.Ad-Hoc|iPhone.ActiveCfg = Debug|Any CPU
		{C24A19C7-05BD-46F7-865D-7F49279D0044}.Ad-Hoc|iPhone.Build.0 = Debug|Any CPU
		{C24A19C7-05BD-46F7-865D-7F49279D0044}.Ad-Hoc|iPhoneSimulator.ActiveCfg = Debug|Any CPU
		{C24A19C7-05BD-46F7-865D-7F49279D0044}.Ad-Hoc|iPhoneSimulator.Build.0 = Debug|Any CPU
		{C24A19C7-05BD-46F7-865D-7F49279D0044}.AppStore|Any CPU.ActiveCfg = Debug|Any CPU
		{C24A19C7-05BD-46F7-865D-7F49279D0044}.AppStore|Any CPU.Build.0 = Debug|Any CPU
		{C24A19C7-05BD-46F7-865D-7F49279D0044}.AppStore|iPhone.ActiveCfg = Debug|Any CPU
		{C24A19C7-05BD-46F7-865D-7F49279D0044}.AppStore|iPhone.Build.0 = Debug|Any CPU
		{C24A19C7-05BD-46F7-865D-7F49279D0044}.AppStore|iPhoneSimulator.ActiveCfg = Debug|Any CPU
		{C24A19C7-05BD-46F7-865D-7F49279D0044}.AppStore|iPhoneSimulator.Build.0 = Debug|Any CPU
		{C24A19C7-05BD-46F7-865D-7F49279D0044}.Debug|Any CPU.ActiveCfg = Debug|Any CPU
		{C24A19C7-05BD-46F7-865D-7F49279D0044}.Debug|Any CPU.Build.0 = Debug|Any CPU
		{C24A19C7-05BD-46F7-865D-7F49279D0044}.Debug|iPhone.ActiveCfg = Debug|Any CPU
		{C24A19C7-05BD-46F7-865D-7F49279D0044}.Debug|iPhone.Build.0 = Debug|Any CPU
		{C24A19C7-05BD-46F7-865D-7F49279D0044}.Debug|iPhoneSimulator.ActiveCfg = Debug|Any CPU
		{C24A19C7-05BD-46F7-865D-7F49279D0044}.Debug|iPhoneSimulator.Build.0 = Debug|Any CPU
		{C24A19C7-05BD-46F7-865D-7F49279D0044}.Release|Any CPU.ActiveCfg = Release|Any CPU
		{C24A19C7-05BD-46F7-865D-7F49279D0044}.Release|Any CPU.Build.0 = Release|Any CPU
		{C24A19C7-05BD-46F7-865D-7F49279D0044}.Release|iPhone.ActiveCfg = Release|Any CPU
		{C24A19C7-05BD-46F7-865D-7F49279D0044}.Release|iPhone.Build.0 = Release|Any CPU
		{C24A19C7-05BD-46F7-865D-7F49279D0044}.Release|iPhoneSimulator.ActiveCfg = Release|Any CPU
		{C24A19C7-05BD-46F7-865D-7F49279D0044}.Release|iPhoneSimulator.Build.0 = Release|Any CPU
		{8E64BBFD-6013-4058-B85C-DE8A579999E6}.Ad-Hoc|Any CPU.ActiveCfg = Release|Any CPU
		{8E64BBFD-6013-4058-B85C-DE8A579999E6}.Ad-Hoc|Any CPU.Build.0 = Release|Any CPU
		{8E64BBFD-6013-4058-B85C-DE8A579999E6}.Ad-Hoc|Any CPU.Deploy.0 = Release|Any CPU
		{8E64BBFD-6013-4058-B85C-DE8A579999E6}.Ad-Hoc|iPhone.ActiveCfg = Release|Any CPU
		{8E64BBFD-6013-4058-B85C-DE8A579999E6}.Ad-Hoc|iPhone.Build.0 = Release|Any CPU
		{8E64BBFD-6013-4058-B85C-DE8A579999E6}.Ad-Hoc|iPhone.Deploy.0 = Release|Any CPU
		{8E64BBFD-6013-4058-B85C-DE8A579999E6}.Ad-Hoc|iPhoneSimulator.ActiveCfg = Release|Any CPU
		{8E64BBFD-6013-4058-B85C-DE8A579999E6}.Ad-Hoc|iPhoneSimulator.Build.0 = Release|Any CPU
		{8E64BBFD-6013-4058-B85C-DE8A579999E6}.Ad-Hoc|iPhoneSimulator.Deploy.0 = Release|Any CPU
		{8E64BBFD-6013-4058-B85C-DE8A579999E6}.AppStore|Any CPU.ActiveCfg = Release|Any CPU
		{8E64BBFD-6013-4058-B85C-DE8A579999E6}.AppStore|Any CPU.Build.0 = Release|Any CPU
		{8E64BBFD-6013-4058-B85C-DE8A579999E6}.AppStore|Any CPU.Deploy.0 = Release|Any CPU
		{8E64BBFD-6013-4058-B85C-DE8A579999E6}.AppStore|iPhone.ActiveCfg = Release|Any CPU
		{8E64BBFD-6013-4058-B85C-DE8A579999E6}.AppStore|iPhone.Build.0 = Release|Any CPU
		{8E64BBFD-6013-4058-B85C-DE8A579999E6}.AppStore|iPhone.Deploy.0 = Release|Any CPU
		{8E64BBFD-6013-4058-B85C-DE8A579999E6}.AppStore|iPhoneSimulator.ActiveCfg = Release|Any CPU
		{8E64BBFD-6013-4058-B85C-DE8A579999E6}.AppStore|iPhoneSimulator.Build.0 = Release|Any CPU
		{8E64BBFD-6013-4058-B85C-DE8A579999E6}.AppStore|iPhoneSimulator.Deploy.0 = Release|Any CPU
		{8E64BBFD-6013-4058-B85C-DE8A579999E6}.Debug|Any CPU.ActiveCfg = Debug|Any CPU
		{8E64BBFD-6013-4058-B85C-DE8A579999E6}.Debug|Any CPU.Build.0 = Debug|Any CPU
		{8E64BBFD-6013-4058-B85C-DE8A579999E6}.Debug|Any CPU.Deploy.0 = Debug|Any CPU
		{8E64BBFD-6013-4058-B85C-DE8A579999E6}.Debug|iPhone.ActiveCfg = Debug|Any CPU
		{8E64BBFD-6013-4058-B85C-DE8A579999E6}.Debug|iPhone.Build.0 = Debug|Any CPU
		{8E64BBFD-6013-4058-B85C-DE8A579999E6}.Debug|iPhone.Deploy.0 = Debug|Any CPU
		{8E64BBFD-6013-4058-B85C-DE8A579999E6}.Debug|iPhoneSimulator.ActiveCfg = Debug|Any CPU
		{8E64BBFD-6013-4058-B85C-DE8A579999E6}.Debug|iPhoneSimulator.Build.0 = Debug|Any CPU
		{8E64BBFD-6013-4058-B85C-DE8A579999E6}.Debug|iPhoneSimulator.Deploy.0 = Debug|Any CPU
		{8E64BBFD-6013-4058-B85C-DE8A579999E6}.Release|Any CPU.ActiveCfg = Release|Any CPU
		{8E64BBFD-6013-4058-B85C-DE8A579999E6}.Release|Any CPU.Build.0 = Release|Any CPU
		{8E64BBFD-6013-4058-B85C-DE8A579999E6}.Release|Any CPU.Deploy.0 = Release|Any CPU
		{8E64BBFD-6013-4058-B85C-DE8A579999E6}.Release|iPhone.ActiveCfg = Release|Any CPU
		{8E64BBFD-6013-4058-B85C-DE8A579999E6}.Release|iPhone.Build.0 = Release|Any CPU
		{8E64BBFD-6013-4058-B85C-DE8A579999E6}.Release|iPhone.Deploy.0 = Release|Any CPU
		{8E64BBFD-6013-4058-B85C-DE8A579999E6}.Release|iPhoneSimulator.ActiveCfg = Release|Any CPU
		{8E64BBFD-6013-4058-B85C-DE8A579999E6}.Release|iPhoneSimulator.Build.0 = Release|Any CPU
		{8E64BBFD-6013-4058-B85C-DE8A579999E6}.Release|iPhoneSimulator.Deploy.0 = Release|Any CPU
		{26541276-BA82-4B6A-B124-E9B760EE62DA}.Ad-Hoc|Any CPU.ActiveCfg = Ad-Hoc|iPhone
		{26541276-BA82-4B6A-B124-E9B760EE62DA}.Ad-Hoc|iPhone.ActiveCfg = Ad-Hoc|iPhone
		{26541276-BA82-4B6A-B124-E9B760EE62DA}.Ad-Hoc|iPhone.Build.0 = Ad-Hoc|iPhone
		{26541276-BA82-4B6A-B124-E9B760EE62DA}.Ad-Hoc|iPhoneSimulator.ActiveCfg = Ad-Hoc|iPhoneSimulator
		{26541276-BA82-4B6A-B124-E9B760EE62DA}.Ad-Hoc|iPhoneSimulator.Build.0 = Ad-Hoc|iPhoneSimulator
		{26541276-BA82-4B6A-B124-E9B760EE62DA}.AppStore|Any CPU.ActiveCfg = AppStore|iPhone
		{26541276-BA82-4B6A-B124-E9B760EE62DA}.AppStore|iPhone.ActiveCfg = AppStore|iPhone
		{26541276-BA82-4B6A-B124-E9B760EE62DA}.AppStore|iPhone.Build.0 = AppStore|iPhone
		{26541276-BA82-4B6A-B124-E9B760EE62DA}.AppStore|iPhoneSimulator.ActiveCfg = AppStore|iPhoneSimulator
		{26541276-BA82-4B6A-B124-E9B760EE62DA}.AppStore|iPhoneSimulator.Build.0 = AppStore|iPhoneSimulator
		{26541276-BA82-4B6A-B124-E9B760EE62DA}.Debug|Any CPU.ActiveCfg = Debug|iPhone
		{26541276-BA82-4B6A-B124-E9B760EE62DA}.Debug|iPhone.ActiveCfg = Debug|iPhone
		{26541276-BA82-4B6A-B124-E9B760EE62DA}.Debug|iPhone.Build.0 = Debug|iPhone
		{26541276-BA82-4B6A-B124-E9B760EE62DA}.Debug|iPhoneSimulator.ActiveCfg = Debug|iPhoneSimulator
		{26541276-BA82-4B6A-B124-E9B760EE62DA}.Debug|iPhoneSimulator.Build.0 = Debug|iPhoneSimulator
		{26541276-BA82-4B6A-B124-E9B760EE62DA}.Release|Any CPU.ActiveCfg = Release|iPhone
		{26541276-BA82-4B6A-B124-E9B760EE62DA}.Release|iPhone.ActiveCfg = Release|iPhone
		{26541276-BA82-4B6A-B124-E9B760EE62DA}.Release|iPhone.Build.0 = Release|iPhone
		{26541276-BA82-4B6A-B124-E9B760EE62DA}.Release|iPhoneSimulator.ActiveCfg = Release|iPhoneSimulator
		{26541276-BA82-4B6A-B124-E9B760EE62DA}.Release|iPhoneSimulator.Build.0 = Release|iPhoneSimulator
		{33FA8D4F-B996-4301-B1F1-49269B8A3371}.Ad-Hoc|Any CPU.ActiveCfg = Debug|Any CPU
		{33FA8D4F-B996-4301-B1F1-49269B8A3371}.Ad-Hoc|Any CPU.Build.0 = Debug|Any CPU
		{33FA8D4F-B996-4301-B1F1-49269B8A3371}.Ad-Hoc|iPhone.ActiveCfg = Debug|Any CPU
		{33FA8D4F-B996-4301-B1F1-49269B8A3371}.Ad-Hoc|iPhone.Build.0 = Debug|Any CPU
		{33FA8D4F-B996-4301-B1F1-49269B8A3371}.Ad-Hoc|iPhoneSimulator.ActiveCfg = Debug|Any CPU
		{33FA8D4F-B996-4301-B1F1-49269B8A3371}.Ad-Hoc|iPhoneSimulator.Build.0 = Debug|Any CPU
		{33FA8D4F-B996-4301-B1F1-49269B8A3371}.AppStore|Any CPU.ActiveCfg = Debug|Any CPU
		{33FA8D4F-B996-4301-B1F1-49269B8A3371}.AppStore|Any CPU.Build.0 = Debug|Any CPU
		{33FA8D4F-B996-4301-B1F1-49269B8A3371}.AppStore|iPhone.ActiveCfg = Debug|Any CPU
		{33FA8D4F-B996-4301-B1F1-49269B8A3371}.AppStore|iPhone.Build.0 = Debug|Any CPU
		{33FA8D4F-B996-4301-B1F1-49269B8A3371}.AppStore|iPhoneSimulator.ActiveCfg = Debug|Any CPU
		{33FA8D4F-B996-4301-B1F1-49269B8A3371}.AppStore|iPhoneSimulator.Build.0 = Debug|Any CPU
		{33FA8D4F-B996-4301-B1F1-49269B8A3371}.Debug|Any CPU.ActiveCfg = Debug|Any CPU
		{33FA8D4F-B996-4301-B1F1-49269B8A3371}.Debug|Any CPU.Build.0 = Debug|Any CPU
		{33FA8D4F-B996-4301-B1F1-49269B8A3371}.Debug|iPhone.ActiveCfg = Debug|Any CPU
		{33FA8D4F-B996-4301-B1F1-49269B8A3371}.Debug|iPhone.Build.0 = Debug|Any CPU
		{33FA8D4F-B996-4301-B1F1-49269B8A3371}.Debug|iPhoneSimulator.ActiveCfg = Debug|Any CPU
		{33FA8D4F-B996-4301-B1F1-49269B8A3371}.Debug|iPhoneSimulator.Build.0 = Debug|Any CPU
		{33FA8D4F-B996-4301-B1F1-49269B8A3371}.Release|Any CPU.ActiveCfg = Release|Any CPU
		{33FA8D4F-B996-4301-B1F1-49269B8A3371}.Release|Any CPU.Build.0 = Release|Any CPU
		{33FA8D4F-B996-4301-B1F1-49269B8A3371}.Release|iPhone.ActiveCfg = Release|Any CPU
		{33FA8D4F-B996-4301-B1F1-49269B8A3371}.Release|iPhone.Build.0 = Release|Any CPU
		{33FA8D4F-B996-4301-B1F1-49269B8A3371}.Release|iPhoneSimulator.ActiveCfg = Release|Any CPU
		{33FA8D4F-B996-4301-B1F1-49269B8A3371}.Release|iPhoneSimulator.Build.0 = Release|Any CPU
	EndGlobalSection
	GlobalSection(SolutionProperties) = preSolution
		HideSolutionNode = FALSE
	EndGlobalSection
	GlobalSection(ExtensibilityGlobals) = postSolution
		SolutionGuid = {03066DC2-0088-4F94-A212-7CF706D3C307}
	EndGlobalSection
EndGlobal
